
Microsoft Visual Studio Solution File, Format Version 12.00
# Visual Studio 2013
VisualStudioVersion = 12.0.21005.1
MinimumVisualStudioVersion = 10.0.40219.1
Project("{FAE04EC0-301F-11D3-BF4B-00C04F79EFBC}") = "EmployeesWeb", "EmployeesWeb\EmployeesWeb.csproj", "{AC2426C3-8FB0-43AC-9E58-FDDCE453348F}"
EndProject
Project("{FAE04EC0-301F-11D3-BF4B-00C04F79EFBC}") = "EmployeeClient", "EmployeeClient\EmployeeClient.csproj", "{5120681E-2522-47B1-8315-64F22B34116C}"
EndProject
Global
	GlobalSection(SolutionConfigurationPlatforms) = preSolution
		Debug|Any CPU = Debug|Any CPU
		Release|Any CPU = Release|Any CPU
	EndGlobalSection
	GlobalSection(ProjectConfigurationPlatforms) = postSolution
		{AC2426C3-8FB0-43AC-9E58-FDDCE453348F}.Debug|Any CPU.ActiveCfg = Debug|Any CPU
		{AC2426C3-8FB0-43AC-9E58-FDDCE453348F}.Debug|Any CPU.Build.0 = Debug|Any CPU
		{AC2426C3-8FB0-43AC-9E58-FDDCE453348F}.Release|Any CPU.ActiveCfg = Release|Any CPU
		{AC2426C3-8FB0-43AC-9E58-FDDCE453348F}.Release|Any CPU.Build.0 = Release|Any CPU
		{5120681E-2522-47B1-8315-64F22B34116C}.Debug|Any CPU.ActiveCfg = Debug|Any CPU
		{5120681E-2522-47B1-8315-64F22B34116C}.Debug|Any CPU.Build.0 = Debug|Any CPU
		{5120681E-2522-47B1-8315-64F22B34116C}.Release|Any CPU.ActiveCfg = Release|Any CPU
		{5120681E-2522-47B1-8315-64F22B34116C}.Release|Any CPU.Build.0 = Release|Any CPU
	EndGlobalSection
	GlobalSection(SolutionProperties) = preSolution
		HideSolutionNode = FALSE
	EndGlobalSection
EndGlobal
